# This file is autogenerated, do not edit; changes may be undone by the next 'dep ensure'.


[[projects]]
  branch = "master"
  name = "github.com/achiku/testsvr"
  packages = ["."]
  revision = "a5b8d411580d892896c4b734e077fcea02a60d6f"

[[projects]]
  branch = "master"
  name = "github.com/pkg/errors"
  packages = ["."]
  revision = "c605e284fe17294bda444b34710735b29d1a9d90"

[solve-meta]
  analyzer-name = "dep"
  analyzer-version = 1
  inputs-digest = "bc604adc8b686c2bba2b7265f56f7b6f9b8f42359a4ca2d079b2e8b5ecbfd98c"
  solver-name = "gps-cdcl"
  solver-version = 1
